
Microsoft Visual Studio Solution File, Format Version 12.00
# Visual Studio Version 17
VisualStudioVersion = 17.10.35004.147
MinimumVisualStudioVersion = 10.0.40219.1
Project("{FAE04EC0-301F-11D3-BF4B-00C04F79EFBC}") = "02282", "02282\02282.csproj", "{B3BF8FEB-406D-4AB2-A113-E942F329075A}"
EndProject
Global
	GlobalSection(SolutionConfigurationPlatforms) = preSolution
		Debug|Any CPU = Debug|Any CPU
		Release|Any CPU = Release|Any CPU
	EndGlobalSection
	GlobalSection(ProjectConfigurationPlatforms) = postSolution
		{B3BF8FEB-406D-4AB2-A113-E942F329075A}.Debug|Any CPU.ActiveCfg = Debug|Any CPU
		{B3BF8FEB-406D-4AB2-A113-E942F329075A}.Debug|Any CPU.Build.0 = Debug|Any CPU
		{B3BF8FEB-406D-4AB2-A113-E942F329075A}.Release|Any CPU.ActiveCfg = Release|Any CPU
		{B3BF8FEB-406D-4AB2-A113-E942F329075A}.Release|Any CPU.Build.0 = Release|Any CPU
	EndGlobalSection
	GlobalSection(SolutionProperties) = preSolution
		HideSolutionNode = FALSE
	EndGlobalSection
	GlobalSection(ExtensibilityGlobals) = postSolution
		SolutionGuid = {522669FD-D7CE-4F67-973C-095EC1264C84}
	EndGlobalSection
EndGlobal
